
Microsoft Visual Studio Solution File, Format Version 12.00
# Visual Studio Version 17
VisualStudioVersion = 17.4.32804.182
MinimumVisualStudioVersion = 10.0.40219.1
Project("{FAE04EC0-301F-11D3-BF4B-00C04F79EFBC}") = "recipeSearchFlyout.UWP", "recipeSearchFlyout\recipeSearchFlyout.UWP\recipeSearchFlyout.UWP.csproj", "{290E3F2E-4609-45E0-BB47-073962AF6D62}"
EndProject
Project("{FAE04EC0-301F-11D3-BF4B-00C04F79EFBC}") = "recipeSearchFlyout.Android", "recipeSearchFlyout\recipeSearchFlyout.Android\recipeSearchFlyout.Android.csproj", "{805F9685-1513-4278-BA55-A32F91364018}"
EndProject
Project("{FAE04EC0-301F-11D3-BF4B-00C04F79EFBC}") = "recipeSearchFlyout.iOS", "recipeSearchFlyout\recipeSearchFlyout.iOS\recipeSearchFlyout.iOS.csproj", "{B463E66B-B0F1-4F0A-8E49-BF6627F132DC}"
EndProject
Project("{FAE04EC0-301F-11D3-BF4B-00C04F79EFBC}") = "recipeSearchFlyout", "recipeSearchFlyout\recipeSearchFlyout\recipeSearchFlyout.csproj", "{D9BA6909-0218-415E-9A8E-2F2AC1BF673A}"
EndProject
Global
	GlobalSection(SolutionConfigurationPlatforms) = preSolution
		Debug|Any CPU = Debug|Any CPU
		Debug|ARM = Debug|ARM
		Debug|iPhone = Debug|iPhone
		Debug|iPhoneSimulator = Debug|iPhoneSimulator
		Debug|x64 = Debug|x64
		Debug|x86 = Debug|x86
		Release|Any CPU = Release|Any CPU
		Release|ARM = Release|ARM
		Release|iPhone = Release|iPhone
		Release|iPhoneSimulator = Release|iPhoneSimulator
		Release|x64 = Release|x64
		Release|x86 = Release|x86
	EndGlobalSection
	GlobalSection(ProjectConfigurationPlatforms) = postSolution
		{290E3F2E-4609-45E0-BB47-073962AF6D62}.Debug|Any CPU.ActiveCfg = Debug|x64
		{290E3F2E-4609-45E0-BB47-073962AF6D62}.Debug|Any CPU.Build.0 = Debug|x64
		{290E3F2E-4609-45E0-BB47-073962AF6D62}.Debug|Any CPU.Deploy.0 = Debug|x64
		{290E3F2E-4609-45E0-BB47-073962AF6D62}.Debug|ARM.ActiveCfg = Debug|ARM
		{290E3F2E-4609-45E0-BB47-073962AF6D62}.Debug|ARM.Build.0 = Debug|ARM
		{290E3F2E-4609-45E0-BB47-073962AF6D62}.Debug|ARM.Deploy.0 = Debug|ARM
		{290E3F2E-4609-45E0-BB47-073962AF6D62}.Debug|iPhone.ActiveCfg = Debug|x64
		{290E3F2E-4609-45E0-BB47-073962AF6D62}.Debug|iPhone.Build.0 = Debug|x64
		{290E3F2E-4609-45E0-BB47-073962AF6D62}.Debug|iPhone.Deploy.0 = Debug|x64
		{290E3F2E-4609-45E0-BB47-073962AF6D62}.Debug|iPhoneSimulator.ActiveCfg = Debug|x64
		{290E3F2E-4609-45E0-BB47-073962AF6D62}.Debug|iPhoneSimulator.Build.0 = Debug|x64
		{290E3F2E-4609-45E0-BB47-073962AF6D62}.Debug|iPhoneSimulator.Deploy.0 = Debug|x64
		{290E3F2E-4609-45E0-BB47-073962AF6D62}.Debug|x64.ActiveCfg = Debug|x64
		{290E3F2E-4609-45E0-BB47-073962AF6D62}.Debug|x64.Build.0 = Debug|x64
		{290E3F2E-4609-45E0-BB47-073962AF6D62}.Debug|x64.Deploy.0 = Debug|x64
		{290E3F2E-4609-45E0-BB47-073962AF6D62}.Debug|x86.ActiveCfg = Debug|x86
		{290E3F2E-4609-45E0-BB47-073962AF6D62}.Debug|x86.Build.0 = Debug|x86
		{290E3F2E-4609-45E0-BB47-073962AF6D62}.Debug|x86.Deploy.0 = Debug|x86
		{290E3F2E-4609-45E0-BB47-073962AF6D62}.Release|Any CPU.ActiveCfg = Release|x64
		{290E3F2E-4609-45E0-BB47-073962AF6D62}.Release|Any CPU.Build.0 = Release|x64
		{290E3F2E-4609-45E0-BB47-073962AF6D62}.Release|Any CPU.Deploy.0 = Release|x64
		{290E3F2E-4609-45E0-BB47-073962AF6D62}.Release|ARM.ActiveCfg = Release|ARM
		{290E3F2E-4609-45E0-BB47-073962AF6D62}.Release|ARM.Build.0 = Release|ARM
		{290E3F2E-4609-45E0-BB47-073962AF6D62}.Release|ARM.Deploy.0 = Release|ARM
		{290E3F2E-4609-45E0-BB47-073962AF6D62}.Release|iPhone.ActiveCfg = Release|x64
		{290E3F2E-4609-45E0-BB47-073962AF6D62}.Release|iPhone.Build.0 = Release|x64
		{290E3F2E-4609-45E0-BB47-073962AF6D62}.Release|iPhone.Deploy.0 = Release|x64
		{290E3F2E-4609-45E0-BB47-073962AF6D62}.Release|iPhoneSimulator.ActiveCfg = Release|x64
		{290E3F2E-4609-45E0-BB47-073962AF6D62}.Release|iPhoneSimulator.Build.0 = Release|x64
		{290E3F2E-4609-45E0-BB47-073962AF6D62}.Release|iPhoneSimulator.Deploy.0 = Release|x64
		{290E3F2E-4609-45E0-BB47-073962AF6D62}.Release|x64.ActiveCfg = Release|x64
		{290E3F2E-4609-45E0-BB47-073962AF6D62}.Release|x64.Build.0 = Release|x64
		{290E3F2E-4609-45E0-BB47-073962AF6D62}.Release|x64.Deploy.0 = Release|x64
		{290E3F2E-4609-45E0-BB47-073962AF6D62}.Release|x86.ActiveCfg = Release|x86
		{290E3F2E-4609-45E0-BB47-073962AF6D62}.Release|x86.Build.0 = Release|x86
		{290E3F2E-4609-45E0-BB47-073962AF6D62}.Release|x86.Deploy.0 = Release|x86
		{805F9685-1513-4278-BA55-A32F91364018}.Debug|Any CPU.ActiveCfg = Debug|Any CPU
		{805F9685-1513-4278-BA55-A32F91364018}.Debug|Any CPU.Build.0 = Debug|Any CPU
		{805F9685-1513-4278-BA55-A32F91364018}.Debug|Any CPU.Deploy.0 = Debug|Any CPU
		{805F9685-1513-4278-BA55-A32F91364018}.Debug|ARM.ActiveCfg = Debug|Any CPU
		{805F9685-1513-4278-BA55-A32F91364018}.Debug|ARM.Build.0 = Debug|Any CPU
		{805F9685-1513-4278-BA55-A32F91364018}.Debug|ARM.Deploy.0 = Debug|Any CPU
		{805F9685-1513-4278-BA55-A32F91364018}.Debug|iPhone.ActiveCfg = Debug|Any CPU
		{805F9685-1513-4278-BA55-A32F91364018}.Debug|iPhone.Build.0 = Debug|Any CPU
		{805F9685-1513-4278-BA55-A32F91364018}.Debug|iPhone.Deploy.0 = Debug|Any CPU
		{805F9685-1513-4278-BA55-A32F91364018}.Debug|iPhoneSimulator.ActiveCfg = Debug|Any CPU
		{805F9685-1513-4278-BA55-A32F91364018}.Debug|iPhoneSimulator.Build.0 = Debug|Any CPU
		{805F9685-1513-4278-BA55-A32F91364018}.Debug|iPhoneSimulator.Deploy.0 = Debug|Any CPU
		{805F9685-1513-4278-BA55-A32F91364018}.Debug|x64.ActiveCfg = Debug|Any CPU
		{805F9685-1513-4278-BA55-A32F91364018}.Debug|x64.Build.0 = Debug|Any CPU
		{805F9685-1513-4278-BA55-A32F91364018}.Debug|x64.Deploy.0 = Debug|Any CPU
		{805F9685-1513-4278-BA55-A32F91364018}.Debug|x86.ActiveCfg = Debug|Any CPU
		{805F9685-1513-4278-BA55-A32F91364018}.Debug|x86.Build.0 = Debug|Any CPU
		{805F9685-1513-4278-BA55-A32F91364018}.Debug|x86.Deploy.0 = Debug|Any CPU
		{805F9685-1513-4278-BA55-A32F91364018}.Release|Any CPU.ActiveCfg = Release|Any CPU
		{805F9685-1513-4278-BA55-A32F91364018}.Release|Any CPU.Build.0 = Release|Any CPU
		{805F9685-1513-4278-BA55-A32F91364018}.Release|Any CPU.Deploy.0 = Release|Any CPU
		{805F9685-1513-4278-BA55-A32F91364018}.Release|ARM.ActiveCfg = Release|Any CPU
		{805F9685-1513-4278-BA55-A32F91364018}.Release|ARM.Build.0 = Release|Any CPU
		{805F9685-1513-4278-BA55-A32F91364018}.Release|ARM.Deploy.0 = Release|Any CPU
		{805F9685-1513-4278-BA55-A32F91364018}.Release|iPhone.ActiveCfg = Release|Any CPU
		{805F9685-1513-4278-BA55-A32F91364018}.Release|iPhone.Build.0 = Release|Any CPU
		{805F9685-1513-4278-BA55-A32F91364018}.Release|iPhone.Deploy.0 = Release|Any CPU
		{805F9685-1513-4278-BA55-A32F91364018}.Release|iPhoneSimulator.ActiveCfg = Release|Any CPU
		{805F9685-1513-4278-BA55-A32F91364018}.Release|iPhoneSimulator.Build.0 = Release|Any CPU
		{805F9685-1513-4278-BA55-A32F91364018}.Release|iPhoneSimulator.Deploy.0 = Release|Any CPU
		{805F9685-1513-4278-BA55-A32F91364018}.Release|x64.ActiveCfg = Release|Any CPU
		{805F9685-1513-4278-BA55-A32F91364018}.Release|x64.Build.0 = Release|Any CPU
		{805F9685-1513-4278-BA55-A32F91364018}.Release|x64.Deploy.0 = Release|Any CPU
		{805F9685-1513-4278-BA55-A32F91364018}.Release|x86.ActiveCfg = Release|Any CPU
		{805F9685-1513-4278-BA55-A32F91364018}.Release|x86.Build.0 = Release|Any CPU
		{805F9685-1513-4278-BA55-A32F91364018}.Release|x86.Deploy.0 = Release|Any CPU
		{B463E66B-B0F1-4F0A-8E49-BF6627F132DC}.Debug|Any CPU.ActiveCfg = Debug|iPhoneSimulator
		{B463E66B-B0F1-4F0A-8E49-BF6627F132DC}.Debug|Any CPU.Build.0 = Debug|iPhoneSimulator
		{B463E66B-B0F1-4F0A-8E49-BF6627F132DC}.Debug|Any CPU.Deploy.0 = Debug|iPhoneSimulator
		{B463E66B-B0F1-4F0A-8E49-BF6627F132DC}.Debug|ARM.ActiveCfg = Debug|iPhoneSimulator
		{B463E66B-B0F1-4F0A-8E49-BF6627F132DC}.Debug|ARM.Build.0 = Debug|iPhoneSimulator
		{B463E66B-B0F1-4F0A-8E49-BF6627F132DC}.Debug|ARM.Deploy.0 = Debug|iPhoneSimulator
		{B463E66B-B0F1-4F0A-8E49-BF6627F132DC}.Debug|iPhone.ActiveCfg = Debug|iPhone
		{B463E66B-B0F1-4F0A-8E49-BF6627F132DC}.Debug|iPhone.Build.0 = Debug|iPhone
		{B463E66B-B0F1-4F0A-8E49-BF6627F132DC}.Debug|iPhone.Deploy.0 = Debug|iPhone
		{B463E66B-B0F1-4F0A-8E49-BF6627F132DC}.Debug|iPhoneSimulator.ActiveCfg = Debug|iPhoneSimulator
		{B463E66B-B0F1-4F0A-8E49-BF6627F132DC}.Debug|iPhoneSimulator.Build.0 = Debug|iPhoneSimulator
		{B463E66B-B0F1-4F0A-8E49-BF6627F132DC}.Debug|iPhoneSimulator.Deploy.0 = Debug|iPhoneSimulator
		{B463E66B-B0F1-4F0A-8E49-BF6627F132DC}.Debug|x64.ActiveCfg = Debug|iPhone
		{B463E66B-B0F1-4F0A-8E49-BF6627F132DC}.Debug|x64.Build.0 = Debug|iPhone
		{B463E66B-B0F1-4F0A-8E49-BF6627F132DC}.Debug|x64.Deploy.0 = Debug|iPhone
		{B463E66B-B0F1-4F0A-8E49-BF6627F132DC}.Debug|x86.ActiveCfg = Debug|iPhoneSimulator
		{B463E66B-B0F1-4F0A-8E49-BF6627F132DC}.Debug|x86.Build.0 = Debug|iPhoneSimulator
		{B463E66B-B0F1-4F0A-8E49-BF6627F132DC}.Debug|x86.Deploy.0 = Debug|iPhoneSimulator
		{B463E66B-B0F1-4F0A-8E49-BF6627F132DC}.Release|Any CPU.ActiveCfg = Release|iPhoneSimulator
		{B463E66B-B0F1-4F0A-8E49-BF6627F132DC}.Release|Any CPU.Build.0 = Release|iPhoneSimulator
		{B463E66B-B0F1-4F0A-8E49-BF6627F132DC}.Release|Any CPU.Deploy.0 = Release|iPhoneSimulator
		{B463E66B-B0F1-4F0A-8E49-BF6627F132DC}.Release|ARM.ActiveCfg = Release|iPhoneSimulator
		{B463E66B-B0F1-4F0A-8E49-BF6627F132DC}.Release|ARM.Build.0 = Release|iPhoneSimulator
		{B463E66B-B0F1-4F0A-8E49-BF6627F132DC}.Release|ARM.Deploy.0 = Release|iPhoneSimulator
		{B463E66B-B0F1-4F0A-8E49-BF6627F132DC}.Release|iPhone.ActiveCfg = Release|iPhone
		{B463E66B-B0F1-4F0A-8E49-BF6627F132DC}.Release|iPhone.Build.0 = Release|iPhone
		{B463E66B-B0F1-4F0A-8E49-BF6627F132DC}.Release|iPhone.Deploy.0 = Release|iPhone
		{B463E66B-B0F1-4F0A-8E49-BF6627F132DC}.Release|iPhoneSimulator.ActiveCfg = Release|iPhoneSimulator
		{B463E66B-B0F1-4F0A-8E49-BF6627F132DC}.Release|iPhoneSimulator.Build.0 = Release|iPhoneSimulator
		{B463E66B-B0F1-4F0A-8E49-BF6627F132DC}.Release|iPhoneSimulator.Deploy.0 = Release|iPhoneSimulator
		{B463E66B-B0F1-4F0A-8E49-BF6627F132DC}.Release|x64.ActiveCfg = Release|iPhoneSimulator
		{B463E66B-B0F1-4F0A-8E49-BF6627F132DC}.Release|x64.Build.0 = Release|iPhoneSimulator
		{B463E66B-B0F1-4F0A-8E49-BF6627F132DC}.Release|x64.Deploy.0 = Release|iPhoneSimulator
		{B463E66B-B0F1-4F0A-8E49-BF6627F132DC}.Release|x86.ActiveCfg = Release|iPhoneSimulator
		{B463E66B-B0F1-4F0A-8E49-BF6627F132DC}.Release|x86.Build.0 = Release|iPhoneSimulator
		{B463E66B-B0F1-4F0A-8E49-BF6627F132DC}.Release|x86.Deploy.0 = Release|iPhoneSimulator
		{D9BA6909-0218-415E-9A8E-2F2AC1BF673A}.Debug|Any CPU.ActiveCfg = Debug|Any CPU
		{D9BA6909-0218-415E-9A8E-2F2AC1BF673A}.Debug|Any CPU.Build.0 = Debug|Any CPU
		{D9BA6909-0218-415E-9A8E-2F2AC1BF673A}.Debug|Any CPU.Deploy.0 = Debug|Any CPU
		{D9BA6909-0218-415E-9A8E-2F2AC1BF673A}.Debug|ARM.ActiveCfg = Debug|Any CPU
		{D9BA6909-0218-415E-9A8E-2F2AC1BF673A}.Debug|ARM.Build.0 = Debug|Any CPU
		{D9BA6909-0218-415E-9A8E-2F2AC1BF673A}.Debug|ARM.Deploy.0 = Debug|Any CPU
		{D9BA6909-0218-415E-9A8E-2F2AC1BF673A}.Debug|iPhone.ActiveCfg = Debug|Any CPU
		{D9BA6909-0218-415E-9A8E-2F2AC1BF673A}.Debug|iPhone.Build.0 = Debug|Any CPU
		{D9BA6909-0218-415E-9A8E-2F2AC1BF673A}.Debug|iPhone.Deploy.0 = Debug|Any CPU
		{D9BA6909-0218-415E-9A8E-2F2AC1BF673A}.Debug|iPhoneSimulator.ActiveCfg = Debug|Any CPU
		{D9BA6909-0218-415E-9A8E-2F2AC1BF673A}.Debug|iPhoneSimulator.Build.0 = Debug|Any CPU
		{D9BA6909-0218-415E-9A8E-2F2AC1BF673A}.Debug|iPhoneSimulator.Deploy.0 = Debug|Any CPU
		{D9BA6909-0218-415E-9A8E-2F2AC1BF673A}.Debug|x64.ActiveCfg = Debug|Any CPU
		{D9BA6909-0218-415E-9A8E-2F2AC1BF673A}.Debug|x64.Build.0 = Debug|Any CPU
		{D9BA6909-0218-415E-9A8E-2F2AC1BF673A}.Debug|x64.Deploy.0 = Debug|Any CPU
		{D9BA6909-0218-415E-9A8E-2F2AC1BF673A}.Debug|x86.ActiveCfg = Debug|Any CPU
		{D9BA6909-0218-415E-9A8E-2F2AC1BF673A}.Debug|x86.Build.0 = Debug|Any CPU
		{D9BA6909-0218-415E-9A8E-2F2AC1BF673A}.Debug|x86.Deploy.0 = Debug|Any CPU
		{D9BA6909-0218-415E-9A8E-2F2AC1BF673A}.Release|Any CPU.ActiveCfg = Release|Any CPU
		{D9BA6909-0218-415E-9A8E-2F2AC1BF673A}.Release|Any CPU.Build.0 = Release|Any CPU
		{D9BA6909-0218-415E-9A8E-2F2AC1BF673A}.Release|Any CPU.Deploy.0 = Release|Any CPU
		{D9BA6909-0218-415E-9A8E-2F2AC1BF673A}.Release|ARM.ActiveCfg = Release|Any CPU
		{D9BA6909-0218-415E-9A8E-2F2AC1BF673A}.Release|ARM.Build.0 = Release|Any CPU
		{D9BA6909-0218-415E-9A8E-2F2AC1BF673A}.Release|ARM.Deploy.0 = Release|Any CPU
		{D9BA6909-0218-415E-9A8E-2F2AC1BF673A}.Release|iPhone.ActiveCfg = Release|Any CPU
		{D9BA6909-0218-415E-9A8E-2F2AC1BF673A}.Release|iPhone.Build.0 = Release|Any CPU
		{D9BA6909-0218-415E-9A8E-2F2AC1BF673A}.Release|iPhone.Deploy.0 = Release|Any CPU
		{D9BA6909-0218-415E-9A8E-2F2AC1BF673A}.Release|iPhoneSimulator.ActiveCfg = Release|Any CPU
		{D9BA6909-0218-415E-9A8E-2F2AC1BF673A}.Release|iPhoneSimulator.Build.0 = Release|Any CPU
		{D9BA6909-0218-415E-9A8E-2F2AC1BF673A}.Release|iPhoneSimulator.Deploy.0 = Release|Any CPU
		{D9BA6909-0218-415E-9A8E-2F2AC1BF673A}.Release|x64.ActiveCfg = Release|Any CPU
		{D9BA6909-0218-415E-9A8E-2F2AC1BF673A}.Release|x64.Build.0 = Release|Any CPU
		{D9BA6909-0218-415E-9A8E-2F2AC1BF673A}.Release|x64.Deploy.0 = Release|Any CPU
		{D9BA6909-0218-415E-9A8E-2F2AC1BF673A}.Release|x86.ActiveCfg = Release|Any CPU
		{D9BA6909-0218-415E-9A8E-2F2AC1BF673A}.Release|x86.Build.0 = Release|Any CPU
		{D9BA6909-0218-415E-9A8E-2F2AC1BF673A}.Release|x86.Deploy.0 = Release|Any CPU
	EndGlobalSection
	GlobalSection(SolutionProperties) = preSolution
		HideSolutionNode = FALSE
	EndGlobalSection
	GlobalSection(ExtensibilityGlobals) = postSolution
		SolutionGuid = {F181D92C-B752-43C3-BCCC-040DAB9F66A0}
	EndGlobalSection
EndGlobal
